
Microsoft Visual Studio Solution File, Format Version 12.00
Project("{FAE04EC0-301F-11D3-BF4B-00C04F79EFBC}") = "Crystite", "Crystite\Crystite.csproj", "{8138C295-BA1E-428E-9D6A-0EE872D044F5}"
EndProject
Project("{FAE04EC0-301F-11D3-BF4B-00C04F79EFBC}") = "Crystite.API.Abstractions", "Crystite.API.Abstractions\Crystite.API.Abstractions.csproj", "{B4091365-1387-47AD-8C44-945DDBA3826E}"
EndProject
Project("{FAE04EC0-301F-11D3-BF4B-00C04F79EFBC}") = "Crystite.API", "Crystite.API\Crystite.API.csproj", "{C7BD3711-A35F-40D9-8539-EC119389C324}"
EndProject
Project("{2150E333-8FDC-42A3-9474-1A3956D46DE8}") = "Tests", "Tests", "{2EA42C3D-CDCA-4556-8403-B6A8663CB4F3}"
EndProject
Project("{FAE04EC0-301F-11D3-BF4B-00C04F79EFBC}") = "Crystite.Tests", "Tests\Crystite.Tests\Crystite.Tests.csproj", "{E2CAD203-05F7-46DB-86DA-6D85F6223FBF}"
EndProject
Project("{FAE04EC0-301F-11D3-BF4B-00C04F79EFBC}") = "Crystite.Control", "Crystite.Control\Crystite.Control.csproj", "{C3563CE0-1248-43B7-A7B8-3DBDEB0891C7}"
EndProject
Project("{FAE04EC0-301F-11D3-BF4B-00C04F79EFBC}") = "Crystite.Control.Tests", "Tests\Crystite.Control.Tests\Crystite.Control.Tests.csproj", "{72E06891-8FC3-4852-86A0-A0045D055E47}"
EndProject
Global
	GlobalSection(SolutionConfigurationPlatforms) = preSolution
		Debug|Any CPU = Debug|Any CPU
		Release|Any CPU = Release|Any CPU
	EndGlobalSection
	GlobalSection(ProjectConfigurationPlatforms) = postSolution
		{8138C295-BA1E-428E-9D6A-0EE872D044F5}.Debug|Any CPU.ActiveCfg = Debug|Any CPU
		{8138C295-BA1E-428E-9D6A-0EE872D044F5}.Debug|Any CPU.Build.0 = Debug|Any CPU
		{8138C295-BA1E-428E-9D6A-0EE872D044F5}.Release|Any CPU.ActiveCfg = Release|Any CPU
		{8138C295-BA1E-428E-9D6A-0EE872D044F5}.Release|Any CPU.Build.0 = Release|Any CPU
		{B4091365-1387-47AD-8C44-945DDBA3826E}.Debug|Any CPU.ActiveCfg = Debug|Any CPU
		{B4091365-1387-47AD-8C44-945DDBA3826E}.Debug|Any CPU.Build.0 = Debug|Any CPU
		{B4091365-1387-47AD-8C44-945DDBA3826E}.Release|Any CPU.ActiveCfg = Release|Any CPU
		{B4091365-1387-47AD-8C44-945DDBA3826E}.Release|Any CPU.Build.0 = Release|Any CPU
		{C7BD3711-A35F-40D9-8539-EC119389C324}.Debug|Any CPU.ActiveCfg = Debug|Any CPU
		{C7BD3711-A35F-40D9-8539-EC119389C324}.Debug|Any CPU.Build.0 = Debug|Any CPU
		{C7BD3711-A35F-40D9-8539-EC119389C324}.Release|Any CPU.ActiveCfg = Release|Any CPU
		{C7BD3711-A35F-40D9-8539-EC119389C324}.Release|Any CPU.Build.0 = Release|Any CPU
		{E2CAD203-05F7-46DB-86DA-6D85F6223FBF}.Debug|Any CPU.ActiveCfg = Debug|Any CPU
		{E2CAD203-05F7-46DB-86DA-6D85F6223FBF}.Debug|Any CPU.Build.0 = Debug|Any CPU
		{E2CAD203-05F7-46DB-86DA-6D85F6223FBF}.Release|Any CPU.ActiveCfg = Release|Any CPU
		{E2CAD203-05F7-46DB-86DA-6D85F6223FBF}.Release|Any CPU.Build.0 = Release|Any CPU
		{C3563CE0-1248-43B7-A7B8-3DBDEB0891C7}.Debug|Any CPU.ActiveCfg = Debug|Any CPU
		{C3563CE0-1248-43B7-A7B8-3DBDEB0891C7}.Debug|Any CPU.Build.0 = Debug|Any CPU
		{C3563CE0-1248-43B7-A7B8-3DBDEB0891C7}.Release|Any CPU.ActiveCfg = Release|Any CPU
		{C3563CE0-1248-43B7-A7B8-3DBDEB0891C7}.Release|Any CPU.Build.0 = Release|Any CPU
		{72E06891-8FC3-4852-86A0-A0045D055E47}.Debug|Any CPU.ActiveCfg = Debug|Any CPU
		{72E06891-8FC3-4852-86A0-A0045D055E47}.Debug|Any CPU.Build.0 = Debug|Any CPU
		{72E06891-8FC3-4852-86A0-A0045D055E47}.Release|Any CPU.ActiveCfg = Release|Any CPU
		{72E06891-8FC3-4852-86A0-A0045D055E47}.Release|Any CPU.Build.0 = Release|Any CPU
	EndGlobalSection
	GlobalSection(NestedProjects) = preSolution
		{E2CAD203-05F7-46DB-86DA-6D85F6223FBF} = {2EA42C3D-CDCA-4556-8403-B6A8663CB4F3}
		{72E06891-8FC3-4852-86A0-A0045D055E47} = {2EA42C3D-CDCA-4556-8403-B6A8663CB4F3}
	EndGlobalSection
EndGlobal
